
Microsoft Visual Studio Solution File, Format Version 12.00
# Visual Studio Version 17
VisualStudioVersion = 17.8.34330.188
MinimumVisualStudioVersion = 10.0.40219.1
Project("{FAE04EC0-301F-11D3-BF4B-00C04F79EFBC}") = "Controle de Vendas", "Controle de Vendas\Controle de Vendas.csproj", "{BF323D28-E37B-4015-9EA0-DA352F63DF76}"
EndProject
Global
	GlobalSection(SolutionConfigurationPlatforms) = preSolution
		Debug|Any CPU = Debug|Any CPU
		Release|Any CPU = Release|Any CPU
	EndGlobalSection
	GlobalSection(ProjectConfigurationPlatforms) = postSolution
		{BF323D28-E37B-4015-9EA0-DA352F63DF76}.Debug|Any CPU.ActiveCfg = Debug|Any CPU
		{BF323D28-E37B-4015-9EA0-DA352F63DF76}.Debug|Any CPU.Build.0 = Debug|Any CPU
		{BF323D28-E37B-4015-9EA0-DA352F63DF76}.Release|Any CPU.ActiveCfg = Release|Any CPU
		{BF323D28-E37B-4015-9EA0-DA352F63DF76}.Release|Any CPU.Build.0 = Release|Any CPU
	EndGlobalSection
	GlobalSection(SolutionProperties) = preSolution
		HideSolutionNode = FALSE
	EndGlobalSection
	GlobalSection(ExtensibilityGlobals) = postSolution
		SolutionGuid = {0AE54454-31B1-4259-BFCB-580BD783C008}
	EndGlobalSection
EndGlobal
