
Microsoft Visual Studio Solution File, Format Version 12.00
# Visual Studio Version 17
VisualStudioVersion = 17.6.33723.286
MinimumVisualStudioVersion = 10.0.40219.1
Project("{FAE04EC0-301F-11D3-BF4B-00C04F79EFBC}") = "Manipulando_arquivos_binarios", "Manipulando_arquivos_binarios\Manipulando_arquivos_binarios.csproj", "{0B285F6F-9BC0-4963-B15E-2AAF30967CF8}"
EndProject
Global
	GlobalSection(SolutionConfigurationPlatforms) = preSolution
		Debug|Any CPU = Debug|Any CPU
		Release|Any CPU = Release|Any CPU
	EndGlobalSection
	GlobalSection(ProjectConfigurationPlatforms) = postSolution
		{0B285F6F-9BC0-4963-B15E-2AAF30967CF8}.Debug|Any CPU.ActiveCfg = Debug|Any CPU
		{0B285F6F-9BC0-4963-B15E-2AAF30967CF8}.Debug|Any CPU.Build.0 = Debug|Any CPU
		{0B285F6F-9BC0-4963-B15E-2AAF30967CF8}.Release|Any CPU.ActiveCfg = Release|Any CPU
		{0B285F6F-9BC0-4963-B15E-2AAF30967CF8}.Release|Any CPU.Build.0 = Release|Any CPU
	EndGlobalSection
	GlobalSection(SolutionProperties) = preSolution
		HideSolutionNode = FALSE
	EndGlobalSection
	GlobalSection(ExtensibilityGlobals) = postSolution
		SolutionGuid = {00B77AE6-97EC-408C-B190-73DF1632A7BF}
	EndGlobalSection
EndGlobal
