
Microsoft Visual Studio Solution File, Format Version 12.00
# Visual Studio Version 17
VisualStudioVersion = 17.6.33723.286
MinimumVisualStudioVersion = 10.0.40219.1
Project("{FAE04EC0-301F-11D3-BF4B-00C04F79EFBC}") = "Gestor_clientes", "Gestor_clientes\Gestor_clientes.csproj", "{D433EE5E-7365-42BE-8EAB-BFE7874FAB7C}"
EndProject
Global
	GlobalSection(SolutionConfigurationPlatforms) = preSolution
		Debug|Any CPU = Debug|Any CPU
		Release|Any CPU = Release|Any CPU
	EndGlobalSection
	GlobalSection(ProjectConfigurationPlatforms) = postSolution
		{D433EE5E-7365-42BE-8EAB-BFE7874FAB7C}.Debug|Any CPU.ActiveCfg = Debug|Any CPU
		{D433EE5E-7365-42BE-8EAB-BFE7874FAB7C}.Debug|Any CPU.Build.0 = Debug|Any CPU
		{D433EE5E-7365-42BE-8EAB-BFE7874FAB7C}.Release|Any CPU.ActiveCfg = Release|Any CPU
		{D433EE5E-7365-42BE-8EAB-BFE7874FAB7C}.Release|Any CPU.Build.0 = Release|Any CPU
	EndGlobalSection
	GlobalSection(SolutionProperties) = preSolution
		HideSolutionNode = FALSE
	EndGlobalSection
	GlobalSection(ExtensibilityGlobals) = postSolution
		SolutionGuid = {DDA3CC82-3375-4930-86E0-CC474216C127}
	EndGlobalSection
EndGlobal
